
Microsoft Visual Studio Solution File, Format Version 12.00
Project("{FAE04EC0-301F-11D3-BF4B-00C04F79EFBC}") = "Project-Gym-Sim", "Project-Gym-Sim\Project-Gym-Sim.csproj", "{A25974E4-7D9E-40A5-B6A4-7CE870EB79B0}"
EndProject
Global
	GlobalSection(SolutionConfigurationPlatforms) = preSolution
		Debug|Any CPU = Debug|Any CPU
		Release|Any CPU = Release|Any CPU
	EndGlobalSection
	GlobalSection(ProjectConfigurationPlatforms) = postSolution
		{A25974E4-7D9E-40A5-B6A4-7CE870EB79B0}.Debug|Any CPU.ActiveCfg = Debug|Any CPU
		{A25974E4-7D9E-40A5-B6A4-7CE870EB79B0}.Debug|Any CPU.Build.0 = Debug|Any CPU
		{A25974E4-7D9E-40A5-B6A4-7CE870EB79B0}.Release|Any CPU.ActiveCfg = Release|Any CPU
		{A25974E4-7D9E-40A5-B6A4-7CE870EB79B0}.Release|Any CPU.Build.0 = Release|Any CPU
	EndGlobalSection
EndGlobal
